
Microsoft Visual Studio Solution File, Format Version 12.00
# Visual Studio 2012
VisualStudioVersion = 12.0.20827.3
MinimumVisualStudioVersion = 10.0.40219.1
Project("{FAE04EC0-301F-11D3-BF4B-00C04F79EFBC}") = "sdk_TLx2", "sdk_TLx2.csproj", "{B6E5DDCD-0E5F-49A8-8128-C9556905B3DD}"
EndProject
Global
	GlobalSection(SolutionConfigurationPlatforms) = preSolution
		Debug|Any CPU = Debug|Any CPU
		Release|Any CPU = Release|Any CPU
	EndGlobalSection
	GlobalSection(ProjectConfigurationPlatforms) = postSolution
		{4332C586-3EA6-40DA-B1C4-00AAF025B831}.Debug|Any CPU.ActiveCfg = Debug|Any CPU
		{4332C586-3EA6-40DA-B1C4-00AAF025B831}.Debug|Any CPU.Build.0 = Debug|Any CPU
		{4332C586-3EA6-40DA-B1C4-00AAF025B831}.Release|Any CPU.ActiveCfg = Release|Any CPU
		{4332C586-3EA6-40DA-B1C4-00AAF025B831}.Release|Any CPU.Build.0 = Release|Any CPU
		{B6E5DDCD-0E5F-49A8-8128-C9556905B3DD}.Debug|Any CPU.ActiveCfg = Debug|Any CPU
		{B6E5DDCD-0E5F-49A8-8128-C9556905B3DD}.Debug|Any CPU.Build.0 = Debug|Any CPU
		{B6E5DDCD-0E5F-49A8-8128-C9556905B3DD}.Release|Any CPU.ActiveCfg = Release|Any CPU
		{B6E5DDCD-0E5F-49A8-8128-C9556905B3DD}.Release|Any CPU.Build.0 = Release|Any CPU
	EndGlobalSection
EndGlobal
